
Microsoft Visual Studio Solution File, Format Version 12.00
# Visual Studio 15
VisualStudioVersion = 15.0.27130.2027
MinimumVisualStudioVersion = 10.0.40219.1
Project("{FAE04EC0-301F-11D3-BF4B-00C04F79EFBC}") = "FTP", "FTP\FTP.csproj", "{6C074762-1032-4390-96EB-4E9C0F9BCBAC}"
EndProject
Project("{FAE04EC0-301F-11D3-BF4B-00C04F79EFBC}") = "FTP.GoogleDriveDownloader", "GoogleDriveDownloader\FTP.GoogleDriveDownloader.csproj", "{F1539267-3989-44F1-BD7F-34AF126AA6A4}"
EndProject
Project("{FAE04EC0-301F-11D3-BF4B-00C04F79EFBC}") = "FTP.DataStorage", "DataStorage\FTP.DataStorage.csproj", "{28A2C864-882A-48FF-8D6B-2D8CF843325E}"
EndProject
Project("{FAE04EC0-301F-11D3-BF4B-00C04F79EFBC}") = "FTP.Helper", "FTP.Helper\FTP.Helper.csproj", "{B3CA5CE9-2E81-4BAA-B7E9-4DA66BD70AC7}"
EndProject
Global
	GlobalSection(SolutionConfigurationPlatforms) = preSolution
		Debug|Any CPU = Debug|Any CPU
		Release|Any CPU = Release|Any CPU
	EndGlobalSection
	GlobalSection(ProjectConfigurationPlatforms) = postSolution
		{6C074762-1032-4390-96EB-4E9C0F9BCBAC}.Debug|Any CPU.ActiveCfg = Debug|Any CPU
		{6C074762-1032-4390-96EB-4E9C0F9BCBAC}.Debug|Any CPU.Build.0 = Debug|Any CPU
		{6C074762-1032-4390-96EB-4E9C0F9BCBAC}.Release|Any CPU.ActiveCfg = Release|Any CPU
		{6C074762-1032-4390-96EB-4E9C0F9BCBAC}.Release|Any CPU.Build.0 = Release|Any CPU
		{F1539267-3989-44F1-BD7F-34AF126AA6A4}.Debug|Any CPU.ActiveCfg = Debug|Any CPU
		{F1539267-3989-44F1-BD7F-34AF126AA6A4}.Debug|Any CPU.Build.0 = Debug|Any CPU
		{F1539267-3989-44F1-BD7F-34AF126AA6A4}.Release|Any CPU.ActiveCfg = Release|Any CPU
		{F1539267-3989-44F1-BD7F-34AF126AA6A4}.Release|Any CPU.Build.0 = Release|Any CPU
		{28A2C864-882A-48FF-8D6B-2D8CF843325E}.Debug|Any CPU.ActiveCfg = Debug|Any CPU
		{28A2C864-882A-48FF-8D6B-2D8CF843325E}.Debug|Any CPU.Build.0 = Debug|Any CPU
		{28A2C864-882A-48FF-8D6B-2D8CF843325E}.Release|Any CPU.ActiveCfg = Release|Any CPU
		{28A2C864-882A-48FF-8D6B-2D8CF843325E}.Release|Any CPU.Build.0 = Release|Any CPU
		{B3CA5CE9-2E81-4BAA-B7E9-4DA66BD70AC7}.Debug|Any CPU.ActiveCfg = Debug|Any CPU
		{B3CA5CE9-2E81-4BAA-B7E9-4DA66BD70AC7}.Debug|Any CPU.Build.0 = Debug|Any CPU
		{B3CA5CE9-2E81-4BAA-B7E9-4DA66BD70AC7}.Release|Any CPU.ActiveCfg = Release|Any CPU
		{B3CA5CE9-2E81-4BAA-B7E9-4DA66BD70AC7}.Release|Any CPU.Build.0 = Release|Any CPU
	EndGlobalSection
	GlobalSection(SolutionProperties) = preSolution
		HideSolutionNode = FALSE
	EndGlobalSection
	GlobalSection(ExtensibilityGlobals) = postSolution
		SolutionGuid = {2B846FC4-C755-4EBB-A58F-BB52A59E25E7}
	EndGlobalSection
EndGlobal
